// !$*UTF8*$!
{
	archiveVersion = 1;
	classes = {
	};
	objectVersion = 56;
	objects = {

/* Begin PBXBuildFile section */
		887B945A2D771CC300BDB22B /* Alamofire in Frameworks */ = {isa = PBXBuildFile; productRef = 887B94592D771CC300BDB22B /* Alamofire */; };
		887B945C2D78987100BDB22B /* PostTableViewCell.swift in Sources */ = {isa = PBXBuildFile; fileRef = 887B945B2D78987100BDB22B /* PostTableViewCell.swift */; };
		88D3E81D2D76E4E400E08243 /* AppDelegate.swift in Sources */ = {isa = PBXBuildFile; fileRef = 88D3E81C2D76E4E400E08243 /* AppDelegate.swift */; };
		88D3E81F2D76E4E400E08243 /* SceneDelegate.swift in Sources */ = {isa = PBXBuildFile; fileRef = 88D3E81E2D76E4E400E08243 /* SceneDelegate.swift */; };
		88D3E8212D76E4E400E08243 /* ViewController.swift in Sources */ = {isa = PBXBuildFile; fileRef = 88D3E8202D76E4E400E08243 /* ViewController.swift */; };
		88D3E8272D76E4E400E08243 /* Patres.xcdatamodeld in Sources */ = {isa = PBXBuildFile; fileRef = 88D3E8252D76E4E400E08243 /* Patres.xcdatamodeld */; };
		88D3E8292D76E4E500E08243 /* Assets.xcassets in Resources */ = {isa = PBXBuildFile; fileRef = 88D3E8282D76E4E500E08243 /* Assets.xcassets */; };
		88D3E82C2D76E4E500E08243 /* Base in Resources */ = {isa = PBXBuildFile; fileRef = 88D3E82B2D76E4E500E08243 /* Base */; };
		88D3E8392D7708A000E08243 /* Post.swift in Sources */ = {isa = PBXBuildFile; fileRef = 88D3E8382D7708A000E08243 /* Post.swift */; };
		88D3E83B2D77095900E08243 /* NetworkManager.swift in Sources */ = {isa = PBXBuildFile; fileRef = 88D3E83A2D77095900E08243 /* NetworkManager.swift */; };
/* End PBXBuildFile section */

/* Begin PBXFileReference section */
		887B945B2D78987100BDB22B /* PostTableViewCell.swift */ = {isa = PBXFileReference; lastKnownFileType = sourcecode.swift; path = PostTableViewCell.swift; sourceTree = "<group>"; };
		88D3E8192D76E4E400E08243 /* Patres.app */ = {isa = PBXFileReference; explicitFileType = wrapper.application; includeInIndex = 0; path = Patres.app; sourceTree = BUILT_PRODUCTS_DIR; };
		88D3E81C2D76E4E400E08243 /* AppDelegate.swift */ = {isa = PBXFileReference; lastKnownFileType = sourcecode.swift; path = AppDelegate.swift; sourceTree = "<group>"; };
		88D3E81E2D76E4E400E08243 /* SceneDelegate.swift */ = {isa = PBXFileReference; lastKnownFileType = sourcecode.swift; path = SceneDelegate.swift; sourceTree = "<group>"; };
		88D3E8202D76E4E400E08243 /* ViewController.swift */ = {isa = PBXFileReference; lastKnownFileType = sourcecode.swift; path = ViewController.swift; sourceTree = "<group>"; };
		88D3E8262D76E4E400E08243 /* Patres.xcdatamodel */ = {isa = PBXFileReference; lastKnownFileType = wrapper.xcdatamodel; path = Patres.xcdatamodel; sourceTree = "<group>"; };
		88D3E8282D76E4E500E08243 /* Assets.xcassets */ = {isa = PBXFileReference; lastKnownFileType = folder.assetcatalog; path = Assets.xcassets; sourceTree = "<group>"; };
		88D3E82B2D76E4E500E08243 /* Base */ = {isa = PBXFileReference; lastKnownFileType = file.storyboard; name = Base; path = Base.lproj/LaunchScreen.storyboard; sourceTree = "<group>"; };
		88D3E82D2D76E4E500E08243 /* Info.plist */ = {isa = PBXFileReference; lastKnownFileType = text.plist.xml; path = Info.plist; sourceTree = "<group>"; };
		88D3E8382D7708A000E08243 /* Post.swift */ = {isa = PBXFileReference; lastKnownFileType = sourcecode.swift; path = Post.swift; sourceTree = "<group>"; };
		88D3E83A2D77095900E08243 /* NetworkManager.swift */ = {isa = PBXFileReference; lastKnownFileType = sourcecode.swift; path = NetworkManager.swift; sourceTree = "<group>"; };
/* End PBXFileReference section */

/* Begin PBXFrameworksBuildPhase section */
		88D3E8162D76E4E400E08243 /* Frameworks */ = {
			isa = PBXFrameworksBuildPhase;
			buildActionMask = 2147483647;
			files = (
				887B945A2D771CC300BDB22B /* Alamofire in Frameworks */,
			);
			runOnlyForDeploymentPostprocessing = 0;
		};
/* End PBXFrameworksBuildPhase section */

/* Begin PBXGroup section */
		887B945D2D78988100BDB22B /* Cells */ = {
			isa = PBXGroup;
			children = (
				887B945B2D78987100BDB22B /* PostTableViewCell.swift */,
			);
			path = Cells;
			sourceTree = "<group>";
		};
		88D3E8102D76E4E400E08243 = {
			isa = PBXGroup;
			children = (
				88D3E81B2D76E4E400E08243 /* Patres */,
				88D3E81A2D76E4E400E08243 /* Products */,
			);
			sourceTree = "<group>";
		};
		88D3E81A2D76E4E400E08243 /* Products */ = {
			isa = PBXGroup;
			children = (
				88D3E8192D76E4E400E08243 /* Patres.app */,
			);
			name = Products;
			sourceTree = "<group>";
		};
		88D3E81B2D76E4E400E08243 /* Patres */ = {
			isa = PBXGroup;
			children = (
				88D3E8332D76E4F000E08243 /* Application */,
				887B945D2D78988100BDB22B /* Cells */,
				88D3E8342D76E4F800E08243 /* Main */,
				88D3E8372D77089200E08243 /* Models */,
				88D3E8352D76E50000E08243 /* Resources */,
				88D3E83C2D77095F00E08243 /* Services */,
				88D3E8362D76E50900E08243 /* CoreData */,
			);
			path = Patres;
			sourceTree = "<group>";
		};
		88D3E8332D76E4F000E08243 /* Application */ = {
			isa = PBXGroup;
			children = (
				88D3E81C2D76E4E400E08243 /* AppDelegate.swift */,
				88D3E81E2D76E4E400E08243 /* SceneDelegate.swift */,
			);
			path = Application;
			sourceTree = "<group>";
		};
		88D3E8342D76E4F800E08243 /* Main */ = {
			isa = PBXGroup;
			children = (
				88D3E8202D76E4E400E08243 /* ViewController.swift */,
			);
			path = Main;
			sourceTree = "<group>";
		};
		88D3E8352D76E50000E08243 /* Resources */ = {
			isa = PBXGroup;
			children = (
				88D3E8282D76E4E500E08243 /* Assets.xcassets */,
				88D3E82A2D76E4E500E08243 /* LaunchScreen.storyboard */,
				88D3E82D2D76E4E500E08243 /* Info.plist */,
			);
			path = Resources;
			sourceTree = "<group>";
		};
		88D3E8362D76E50900E08243 /* CoreData */ = {
			isa = PBXGroup;
			children = (
				88D3E8252D76E4E400E08243 /* Patres.xcdatamodeld */,
			);
			path = CoreData;
			sourceTree = "<group>";
		};
		88D3E8372D77089200E08243 /* Models */ = {
			isa = PBXGroup;
			children = (
				88D3E8382D7708A000E08243 /* Post.swift */,
			);
			name = Models;
			path = Main;
			sourceTree = "<group>";
		};
		88D3E83C2D77095F00E08243 /* Services */ = {
			isa = PBXGroup;
			children = (
				88D3E83A2D77095900E08243 /* NetworkManager.swift */,
			);
			path = Services;
			sourceTree = "<group>";
		};
/* End PBXGroup section */

/* Begin PBXNativeTarget section */
		88D3E8182D76E4E400E08243 /* Patres */ = {
			isa = PBXNativeTarget;
			buildConfigurationList = 88D3E8302D76E4E500E08243 /* Build configuration list for PBXNativeTarget "Patres" */;
			buildPhases = (
				88D3E8152D76E4E400E08243 /* Sources */,
				88D3E8162D76E4E400E08243 /* Frameworks */,
				88D3E8172D76E4E400E08243 /* Resources */,
			);
			buildRules = (
			);
			dependencies = (
			);
			name = Patres;
			packageProductDependencies = (
				887B94592D771CC300BDB22B /* Alamofire */,
			);
			productName = Patres;
			productReference = 88D3E8192D76E4E400E08243 /* Patres.app */;
			productType = "com.apple.product-type.application";
		};
/* End PBXNativeTarget section */

/* Begin PBXProject section */
		88D3E8112D76E4E400E08243 /* Project object */ = {
			isa = PBXProject;
			attributes = {
				BuildIndependentTargetsInParallel = 1;
				LastSwiftUpdateCheck = 1540;
				LastUpgradeCheck = 1540;
				TargetAttributes = {
					88D3E8182D76E4E400E08243 = {
						CreatedOnToolsVersion = 15.4;
					};
				};
			};
			buildConfigurationList = 88D3E8142D76E4E400E08243 /* Build configuration list for PBXProject "Patres" */;
			compatibilityVersion = "Xcode 14.0";
			developmentRegion = en;
			hasScannedForEncodings = 0;
			knownRegions = (
				en,
				Base,
			);
			mainGroup = 88D3E8102D76E4E400E08243;
			packageReferences = (
				887B94582D771CC300BDB22B /* XCRemoteSwiftPackageReference "Alamofire" */,
			);
			productRefGroup = 88D3E81A2D76E4E400E08243 /* Products */;
			projectDirPath = "";
			projectRoot = "";
			targets = (
				88D3E8182D76E4E400E08243 /* Patres */,
			);
		};
/* End PBXProject section */

/* Begin PBXResourcesBuildPhase section */
		88D3E8172D76E4E400E08243 /* Resources */ = {
			isa = PBXResourcesBuildPhase;
			buildActionMask = 2147483647;
			files = (
				88D3E8292D76E4E500E08243 /* Assets.xcassets in Resources */,
				88D3E82C2D76E4E500E08243 /* Base in Resources */,
			);
			runOnlyForDeploymentPostprocessing = 0;
		};
/* End PBXResourcesBuildPhase section */

/* Begin PBXSourcesBuildPhase section */
		88D3E8152D76E4E400E08243 /* Sources */ = {
			isa = PBXSourcesBuildPhase;
			buildActionMask = 2147483647;
			files = (
				887B945C2D78987100BDB22B /* PostTableViewCell.swift in Sources */,
				88D3E83B2D77095900E08243 /* NetworkManager.swift in Sources */,
				88D3E8212D76E4E400E08243 /* ViewController.swift in Sources */,
				88D3E81D2D76E4E400E08243 /* AppDelegate.swift in Sources */,
				88D3E8272D76E4E400E08243 /* Patres.xcdatamodeld in Sources */,
				88D3E81F2D76E4E400E08243 /* SceneDelegate.swift in Sources */,
				88D3E8392D7708A000E08243 /* Post.swift in Sources */,
			);
			runOnlyForDeploymentPostprocessing = 0;
		};
/* End PBXSourcesBuildPhase section */

/* Begin PBXVariantGroup section */
		88D3E82A2D76E4E500E08243 /* LaunchScreen.storyboard */ = {
			isa = PBXVariantGroup;
			children = (
				88D3E82B2D76E4E500E08243 /* Base */,
			);
			name = LaunchScreen.storyboard;
			sourceTree = "<group>";
		};
/* End PBXVariantGroup section */

/* Begin XCBuildConfiguration section */
		88D3E82E2D76E4E500E08243 /* Debug */ = {
			isa = XCBuildConfiguration;
			buildSettings = {
				ALWAYS_SEARCH_USER_PATHS = NO;
				ASSETCATALOG_COMPILER_GENERATE_SWIFT_ASSET_SYMBOL_EXTENSIONS = YES;
				CLANG_ANALYZER_NONNULL = YES;
				CLANG_ANALYZER_NUMBER_OBJECT_CONVERSION = YES_AGGRESSIVE;
				CLANG_CXX_LANGUAGE_STANDARD = "gnu++20";
				CLANG_ENABLE_MODULES = YES;
				CLANG_ENABLE_OBJC_ARC = YES;
				CLANG_ENABLE_OBJC_WEAK = YES;
				CLANG_WARN_BLOCK_CAPTURE_AUTORELEASING = YES;
				CLANG_WARN_BOOL_CONVERSION = YES;
				CLANG_WARN_COMMA = YES;
				CLANG_WARN_CONSTANT_CONVERSION = YES;
				CLANG_WARN_DEPRECATED_OBJC_IMPLEMENTATIONS = YES;
				CLANG_WARN_DIRECT_OBJC_ISA_USAGE = YES_ERROR;
				CLANG_WARN_DOCUMENTATION_COMMENTS = YES;
				CLANG_WARN_EMPTY_BODY = YES;
				CLANG_WARN_ENUM_CONVERSION = YES;
				CLANG_WARN_INFINITE_RECURSION = YES;
				CLANG_WARN_INT_CONVERSION = YES;
				CLANG_WARN_NON_LITERAL_NULL_CONVERSION = YES;
				CLANG_WARN_OBJC_IMPLICIT_RETAIN_SELF = YES;
				CLANG_WARN_OBJC_LITERAL_CONVERSION = YES;
				CLANG_WARN_OBJC_ROOT_CLASS = YES_ERROR;
				CLANG_WARN_QUOTED_INCLUDE_IN_FRAMEWORK_HEADER = YES;
				CLANG_WARN_RANGE_LOOP_ANALYSIS = YES;
				CLANG_WARN_STRICT_PROTOTYPES = YES;
				CLANG_WARN_SUSPICIOUS_MOVE = YES;
				CLANG_WARN_UNGUARDED_AVAILABILITY = YES_AGGRESSIVE;
				CLANG_WARN_UNREACHABLE_CODE = YES;
				CLANG_WARN__DUPLICATE_METHOD_MATCH = YES;
				COPY_PHASE_STRIP = NO;
				DEBUG_INFORMATION_FORMAT = dwarf;
				ENABLE_STRICT_OBJC_MSGSEND = YES;
				ENABLE_TESTABILITY = YES;
				ENABLE_USER_SCRIPT_SANDBOXING = YES;
				FRAMEWORK_SEARCH_PATHS = "";
				GCC_C_LANGUAGE_STANDARD = gnu17;
				GCC_DYNAMIC_NO_PIC = NO;
				GCC_NO_COMMON_BLOCKS = YES;
				GCC_OPTIMIZATION_LEVEL = 0;
				GCC_PREPROCESSOR_DEFINITIONS = (
					"DEBUG=1",
					"$(inherited)",
				);
				GCC_WARN_64_TO_32_BIT_CONVERSION = YES;
				GCC_WARN_ABOUT_RETURN_TYPE = YES_ERROR;
				GCC_WARN_UNDECLARED_SELECTOR = YES;
				GCC_WARN_UNINITIALIZED_AUTOS = YES_AGGRESSIVE;
				GCC_WARN_UNUSED_FUNCTION = YES;
				GCC_WARN_UNUSED_VARIABLE = YES;
				IPHONEOS_DEPLOYMENT_TARGET = 17.5;
				LOCALIZATION_PREFERS_STRING_CATALOGS = YES;
				MTL_ENABLE_DEBUG_INFO = INCLUDE_SOURCE;
				MTL_FAST_MATH = YES;
				ONLY_ACTIVE_ARCH = YES;
				SDKROOT = iphoneos;
				SWIFT_ACTIVE_COMPILATION_CONDITIONS = "DEBUG $(inherited)";
				SWIFT_OPTIMIZATION_LEVEL = "-Onone";
			};
			name = Debug;
		};
		88D3E82F2D76E4E500E08243 /* Release */ = {
			isa = XCBuildConfiguration;
			buildSettings = {
				ALWAYS_SEARCH_USER_PATHS = NO;
				ASSETCATALOG_COMPILER_GENERATE_SWIFT_ASSET_SYMBOL_EXTENSIONS = YES;
				CLANG_ANALYZER_NONNULL = YES;
				CLANG_ANALYZER_NUMBER_OBJECT_CONVERSION = YES_AGGRESSIVE;
				CLANG_CXX_LANGUAGE_STANDARD = "gnu++20";
				CLANG_ENABLE_MODULES = YES;
				CLANG_ENABLE_OBJC_ARC = YES;
				CLANG_ENABLE_OBJC_WEAK = YES;
				CLANG_WARN_BLOCK_CAPTURE_AUTORELEASING = YES;
				CLANG_WARN_BOOL_CONVERSION = YES;
				CLANG_WARN_COMMA = YES;
				CLANG_WARN_CONSTANT_CONVERSION = YES;
				CLANG_WARN_DEPRECATED_OBJC_IMPLEMENTATIONS = YES;
				CLANG_WARN_DIRECT_OBJC_ISA_USAGE = YES_ERROR;
				CLANG_WARN_DOCUMENTATION_COMMENTS = YES;
				CLANG_WARN_EMPTY_BODY = YES;
				CLANG_WARN_ENUM_CONVERSION = YES;
				CLANG_WARN_INFINITE_RECURSION = YES;
				CLANG_WARN_INT_CONVERSION = YES;
				CLANG_WARN_NON_LITERAL_NULL_CONVERSION = YES;
				CLANG_WARN_OBJC_IMPLICIT_RETAIN_SELF = YES;
				CLANG_WARN_OBJC_LITERAL_CONVERSION = YES;
				CLANG_WARN_OBJC_ROOT_CLASS = YES_ERROR;
				CLANG_WARN_QUOTED_INCLUDE_IN_FRAMEWORK_HEADER = YES;
				CLANG_WARN_RANGE_LOOP_ANALYSIS = YES;
				CLANG_WARN_STRICT_PROTOTYPES = YES;
				CLANG_WARN_SUSPICIOUS_MOVE = YES;
				CLANG_WARN_UNGUARDED_AVAILABILITY = YES_AGGRESSIVE;
				CLANG_WARN_UNREACHABLE_CODE = YES;
				CLANG_WARN__DUPLICATE_METHOD_MATCH = YES;
				COPY_PHASE_STRIP = NO;
				DEBUG_INFORMATION_FORMAT = "dwarf-with-dsym";
				ENABLE_NS_ASSERTIONS = NO;
				ENABLE_STRICT_OBJC_MSGSEND = YES;
				ENABLE_USER_SCRIPT_SANDBOXING = YES;
				FRAMEWORK_SEARCH_PATHS = "";
				GCC_C_LANGUAGE_STANDARD = gnu17;
				GCC_NO_COMMON_BLOCKS = YES;
				GCC_WARN_64_TO_32_BIT_CONVERSION = YES;
				GCC_WARN_ABOUT_RETURN_TYPE = YES_ERROR;
				GCC_WARN_UNDECLARED_SELECTOR = YES;
				GCC_WARN_UNINITIALIZED_AUTOS = YES_AGGRESSIVE;
				GCC_WARN_UNUSED_FUNCTION = YES;
				GCC_WARN_UNUSED_VARIABLE = YES;
				IPHONEOS_DEPLOYMENT_TARGET = 17.5;
				LOCALIZATION_PREFERS_STRING_CATALOGS = YES;
				MTL_ENABLE_DEBUG_INFO = NO;
				MTL_FAST_MATH = YES;
				SDKROOT = iphoneos;
				SWIFT_COMPILATION_MODE = wholemodule;
				VALIDATE_PRODUCT = YES;
			};
			name = Release;
		};
		88D3E8312D76E4E500E08243 /* Debug */ = {
			isa = XCBuildConfiguration;
			buildSettings = {
				ASSETCATALOG_COMPILER_APPICON_NAME = AppIcon;
				ASSETCATALOG_COMPILER_GLOBAL_ACCENT_COLOR_NAME = AccentColor;
				CODE_SIGN_STYLE = Automatic;
				CURRENT_PROJECT_VERSION = 1;
				DEVELOPMENT_TEAM = LZP4UC5RAY;
				GENERATE_INFOPLIST_FILE = YES;
				INFOPLIST_FILE = Patres/Resources/Info.plist;
				INFOPLIST_KEY_UIApplicationSupportsIndirectInputEvents = YES;
				INFOPLIST_KEY_UILaunchStoryboardName = LaunchScreen;
				INFOPLIST_KEY_UISupportedInterfaceOrientations = UIInterfaceOrientationPortrait;
				INFOPLIST_KEY_UISupportedInterfaceOrientations_iPad = "UIInterfaceOrientationLandscapeLeft UIInterfaceOrientationLandscapeRight UIInterfaceOrientationPortrait UIInterfaceOrientationPortraitUpsideDown";
				LD_RUNPATH_SEARCH_PATHS = (
					"$(inherited)",
					"@executable_path/Frameworks",
				);
				MARKETING_VERSION = 1.0;
				PRODUCT_BUNDLE_IDENTIFIER = IM.Patres;
				PRODUCT_NAME = "$(TARGET_NAME)";
				SUPPORTED_PLATFORMS = "iphoneos iphonesimulator";
				SUPPORTS_MACCATALYST = NO;
				SUPPORTS_MAC_DESIGNED_FOR_IPHONE_IPAD = NO;
				SUPPORTS_XR_DESIGNED_FOR_IPHONE_IPAD = NO;
				SWIFT_EMIT_LOC_STRINGS = YES;
				SWIFT_VERSION = 5.0;
				TARGETED_DEVICE_FAMILY = 1;
			};
			name = Debug;
		};
		88D3E8322D76E4E500E08243 /* Release */ = {
			isa = XCBuildConfiguration;
			buildSettings = {
				ASSETCATALOG_COMPILER_APPICON_NAME = AppIcon;
				ASSETCATALOG_COMPILER_GLOBAL_ACCENT_COLOR_NAME = AccentColor;
				CODE_SIGN_STYLE = Automatic;
				CURRENT_PROJECT_VERSION = 1;
				DEVELOPMENT_TEAM = LZP4UC5RAY;
				GENERATE_INFOPLIST_FILE = YES;
				INFOPLIST_FILE = Patres/Resources/Info.plist;
				INFOPLIST_KEY_UIApplicationSupportsIndirectInputEvents = YES;
				INFOPLIST_KEY_UILaunchStoryboardName = LaunchScreen;
				INFOPLIST_KEY_UISupportedInterfaceOrientations = UIInterfaceOrientationPortrait;
				INFOPLIST_KEY_UISupportedInterfaceOrientations_iPad = "UIInterfaceOrientationLandscapeLeft UIInterfaceOrientationLandscapeRight UIInterfaceOrientationPortrait UIInterfaceOrientationPortraitUpsideDown";
				LD_RUNPATH_SEARCH_PATHS = (
					"$(inherited)",
					"@executable_path/Frameworks",
				);
				MARKETING_VERSION = 1.0;
				PRODUCT_BUNDLE_IDENTIFIER = IM.Patres;
				PRODUCT_NAME = "$(TARGET_NAME)";
				SUPPORTED_PLATFORMS = "iphoneos iphonesimulator";
				SUPPORTS_MACCATALYST = NO;
				SUPPORTS_MAC_DESIGNED_FOR_IPHONE_IPAD = NO;
				SUPPORTS_XR_DESIGNED_FOR_IPHONE_IPAD = NO;
				SWIFT_EMIT_LOC_STRINGS = YES;
				SWIFT_VERSION = 5.0;
				TARGETED_DEVICE_FAMILY = 1;
			};
			name = Release;
		};
/* End XCBuildConfiguration section */

/* Begin XCConfigurationList section */
		88D3E8142D76E4E400E08243 /* Build configuration list for PBXProject "Patres" */ = {
			isa = XCConfigurationList;
			buildConfigurations = (
				88D3E82E2D76E4E500E08243 /* Debug */,
				88D3E82F2D76E4E500E08243 /* Release */,
			);
			defaultConfigurationIsVisible = 0;
			defaultConfigurationName = Release;
		};
		88D3E8302D76E4E500E08243 /* Build configuration list for PBXNativeTarget "Patres" */ = {
			isa = XCConfigurationList;
			buildConfigurations = (
				88D3E8312D76E4E500E08243 /* Debug */,
				88D3E8322D76E4E500E08243 /* Release */,
			);
			defaultConfigurationIsVisible = 0;
			defaultConfigurationName = Release;
		};
/* End XCConfigurationList section */

/* Begin XCRemoteSwiftPackageReference section */
		887B94582D771CC300BDB22B /* XCRemoteSwiftPackageReference "Alamofire" */ = {
			isa = XCRemoteSwiftPackageReference;
			repositoryURL = "https://github.com/Alamofire/Alamofire.git";
			requirement = {
				kind = upToNextMajorVersion;
				minimumVersion = 5.10.0;
			};
		};
/* End XCRemoteSwiftPackageReference section */

/* Begin XCSwiftPackageProductDependency section */
		887B94592D771CC300BDB22B /* Alamofire */ = {
			isa = XCSwiftPackageProductDependency;
			package = 887B94582D771CC300BDB22B /* XCRemoteSwiftPackageReference "Alamofire" */;
			productName = Alamofire;
		};
/* End XCSwiftPackageProductDependency section */

/* Begin XCVersionGroup section */
		88D3E8252D76E4E400E08243 /* Patres.xcdatamodeld */ = {
			isa = XCVersionGroup;
			children = (
				88D3E8262D76E4E400E08243 /* Patres.xcdatamodel */,
			);
			currentVersion = 88D3E8262D76E4E400E08243 /* Patres.xcdatamodel */;
			path = Patres.xcdatamodeld;
			sourceTree = "<group>";
			versionGroupType = wrapper.xcdatamodel;
		};
/* End XCVersionGroup section */
	};
	rootObject = 88D3E8112D76E4E400E08243 /* Project object */;
}
